// !$*UTF8*$!
{
	archiveVersion = 1;
	classes = {
	};
	objectVersion = 56;
	objects = {

/* Begin PBXBuildFile section */
		D1A1B1AA2AB4C5D9001D1D1D /* LogoGenerator.swift in Sources */ = {isa = PBXBuildFile; fileRef = D1A1B1A92AB4C5D9001D1D1D /* LogoGenerator.swift */; };
		D1A1B1AC2AB4C5E3001D1D1D /* main.swift in Sources */ = {isa = PBXBuildFile; fileRef = D1A1B1AB2AB4C5E3001D1D1D /* main.swift */; };
		D1A1B1B02AB4C612001D1D1D /* logo_placeholder.png in Resources */ = {isa = PBXBuildFile; fileRef = D1A1B1AF2AB4C612001D1D1D /* logo_placeholder.png */; };
/* End PBXBuildFile section */

/* Begin PBXFileReference section */
		D1A1B1932AB4C597001D1D1D /* AudioBloomAI.app */ = {isa = PBXFileReference; explicitFileType = wrapper.application; includeInIndex = 0; path = AudioBloomAI.app; sourceTree = BUILT_PRODUCTS_DIR; };
		D1A1B1A92AB4C5D9001D1D1D /* LogoGenerator.swift */ = {isa = PBXFileReference; lastKnownFileType = sourcecode.swift; path = LogoGenerator.swift; sourceTree = "<group>"; };
		D1A1B1AB2AB4C5E3001D1D1D /* main.swift */ = {isa = PBXFileReference; lastKnownFileType = sourcecode.swift; path = main.swift; sourceTree = "<group>"; };
		D1A1B1AD2AB4C5F0001D1D1D /* Info.plist */ = {isa = PBXFileReference; lastKnownFileType = text.plist.xml; path = Info.plist; sourceTree = "<group>"; };
		D1A1B1AE2AB4C5FA001D1D1D /* Config.xcconfig */ = {isa = PBXFileReference; lastKnownFileType = text.xcconfig; path = Config.xcconfig; sourceTree = "<group>"; };
		D1A1B1AF2AB4C612001D1D1D /* logo_placeholder.png */ = {isa = PBXFileReference; lastKnownFileType = image.png; path = logo_placeholder.png; sourceTree = "<group>"; };
/* End PBXFileReference section */

/* Begin PBXFrameworksBuildPhase section */
		D1A1B1902AB4C597001D1D1D /* Frameworks */ = {
			isa = PBXFrameworksBuildPhase;
			buildActionMask = 2147483647;
			files = (
			);
			runOnlyForDeploymentPostprocessing = 0;
		};
/* End PBXFrameworksBuildPhase section */

/* Begin PBXGroup section */
		D1A1B18A2AB4C597001D1D1D = {
			isa = PBXGroup;
			children = (
				D1A1B1952AB4C597001D1D1D /* AudioBloomAI */,
				D1A1B1942AB4C597001D1D1D /* Products */,
			);
			sourceTree = "<group>";
		};
		D1A1B1942AB4C597001D1D1D /* Products */ = {
			isa = PBXGroup;
			children = (
				D1A1B1932AB4C597001D1D1D /* AudioBloomAI.app */,
			);
			name = Products;
			sourceTree = "<group>";
		};
		D1A1B1952AB4C597001D1D1D /* AudioBloomAI */ = {
			isa = PBXGroup;
			children = (
				D1A1B1A82AB4C5CA001D1D1D /* Resources */,
				D1A1B1A92AB4C5D9001D1D1D /* LogoGenerator.swift */,
				D1A1B1AB2AB4C5E3001D1D1D /* main.swift */,
				D1A1B1AD2AB4C5F0001D1D1D /* Info.plist */,
				D1A1B1AE2AB4C5FA001D1D1D /* Config.xcconfig */,
			);
			path = AudioBloomAI;
			sourceTree = "<group>";
		};
		D1A1B1A82AB4C5CA001D1D1D /* Resources */ = {
			isa = PBXGroup;
			children = (
				D1A1B1AF2AB4C612001D1D1D /* logo_placeholder.png */,
			);
			path = Resources;
			sourceTree = "<group>";
		};
/* End PBXGroup section */

/* Begin PBXNativeTarget section */
		D1A1B1922AB4C597001D1D1D /* AudioBloomAI */ = {
			isa = PBXNativeTarget;
			buildConfigurationList = D1A1B1A42AB4C598001D1D1D /* Build configuration list for PBXNativeTarget "AudioBloomAI" */;
			buildPhases = (
				D1A1B18F2AB4C597001D1D1D /* Sources */,
				D1A1B1902AB4C597001D1D1D /* Frameworks */,
				D1A1B1912AB4C597001D1D1D /* Resources */,
			);
			buildRules = (
			);
			dependencies = (
			);
			name = AudioBloomAI;
			productName = AudioBloomAI;
			productReference = D1A1B1932AB4C597001D1D1D /* AudioBloomAI.app */;
			productType = "com.apple.product-type.application";
		};
/* End PBXNativeTarget section */

/* Begin PBXProject section */
		D1A1B18B2AB4C597001D1D1D /* Project object */ = {
			isa = PBXProject;
			attributes = {
				BuildIndependentTargetsInParallel = 1;
				LastSwiftUpdateCheck = 1500;
				LastUpgradeCheck = 1500;
				TargetAttributes = {
					D1A1B1922AB4C597001D1D1D = {
						CreatedOnToolsVersion = 15.0;
					};
				};
			};
			buildConfigurationList = D1A1B18E2AB4C597001D1D1D /* Build configuration list for PBXProject "AudioBloomAI" */;
			compatibilityVersion = "Xcode 14.0";
			developmentRegion = en;
			hasScannedForEncodings = 0;
			knownRegions = (
				en,
				Base,
			);
			mainGroup = D1A1B18A2AB4C597001D1D1D;
			productRefGroup = D1A1B1942AB4C597001D1D1D /* Products */;
			projectDirPath = "";
			projectRoot = "";
			targets = (
				D1A1B1922AB4C597001D1D1D /* AudioBloomAI */,
			);
		};
/* End PBXProject section */

/* Begin PBXResourcesBuildPhase section */
		D1A1B1912AB4C597001D1D1D /* Resources */ = {
			isa = PBXResourcesBuildPhase;
			buildActionMask = 2147483647;
			files = (
				D1A1B1B02AB4C612001D1D1D /* logo_placeholder.png in Resources */,
			);
			runOnlyForDeploymentPostprocessing = 0;
		};
/* End PBXResourcesBuildPhase section */

/* Begin PBXSourcesBuildPhase section */
		D1A1B18F2AB4C597001D1D1D /* Sources */ = {
			isa = PBXSourcesBuildPhase;
			buildActionMask = 2147483647;
			files = (
				D1A1B1AA2AB4C5D9001D1D1D /* LogoGenerator.swift in Sources */,
				D1A1B1AC2AB4C5E3001D1D1D /* main.swift in Sources */,
			);
			runOnlyForDeploymentPostprocessing = 0;
		};
/* End PBXSourcesBuildPhase section */

/* Begin XCBuildConfiguration section */
		D1A1B1A22AB4C598001D1D1D /* Debug */ = {
			isa = XCBuildConfiguration;
			buildSettings = {
				ALWAYS_SEARCH_USER_PATHS = NO;
				ASSETCATALOG_COMPILER_GENERATE_SWIFT_ASSET_SYMBOL_EXTENSIONS = YES;
				CLANG_ANALYZER_NONNULL = YES;
				CLANG_ANALYZER_NUMBER_OBJECT_CONVERSION = YES_AGGRESSIVE;
				CLANG_CXX_LANGUAGE_STANDARD = "gnu++20";
				CLANG_ENABLE_MODULES = YES;
				CLANG_ENABLE_OBJC_ARC = YES;
				CLANG_ENABLE_OBJC_WEAK = YES;
				CLANG_WARN_BLOCK_CAPTURE_AUTORELEASING = YES;
				CLANG_WARN_BOOL_CONVERSION = YES;
				CLANG_WARN_COMMA = YES;
				CLANG_WARN_CONSTANT_CONVERSION = YES;
				CLANG_WARN_DEPRECATED_OBJC_IMPLEMENTATIONS = YES;
				CLANG_WARN_DIRECT_OBJC_ISA_USAGE = YES_ERROR;
				CLANG_WARN_DOCUMENTATION_COMMENTS = YES;
				CLANG_WARN_EMPTY_BODY = YES;
				CLANG_WARN_ENUM_CONVERSION = YES;
				CLANG_WARN_INFINITE_RECURSION = YES;
				CLANG_WARN_INT_CONVERSION = YES;
				CLANG_WARN_NON_LITERAL_NULL_CONVERSION = YES;
				CLANG_WARN_OBJC_IMPLICIT_RETAIN_SELF = YES;
				CLANG_WARN_OBJC_LITERAL_CONVERSION = YES;
				CLANG_WARN_OBJC_ROOT_CLASS = YES_ERROR;
				CLANG_WARN_QUOTED_INCLUDE_IN_FRAMEWORK_HEADER = YES;
				CLANG_WARN_RANGE_LOOP_ANALYSIS = YES;
				CLANG_WARN_STRICT_PROTOTYPES = YES;
				CLANG_WARN_SUSPICIOUS_MOVE = YES;
				CLANG_WARN_UNGUARDED_AVAILABILITY = YES_AGGRESSIVE;
				CLANG_WARN_UNREACHABLE_CODE = YES;
				CLANG_WARN__DUPLICATE_METHOD_MATCH = YES;
				COPY_PHASE_STRIP = NO;
				DEBUG_INFORMATION_FORMAT = dwarf;
				ENABLE_STRICT_OBJC_MSGSEND = YES;
				ENABLE_TESTABILITY = YES;
				ENABLE_USER_SCRIPT_SANDBOXING = YES;
				GCC_C_LANGUAGE_STANDARD = gnu17;
				GCC_DYNAMIC_NO_PIC = NO;
				GCC_NO_COMMON_BLOCKS = YES;
				GCC_OPTIMIZATION_LEVEL = 0;
				GCC_PREPROCESSOR_DEFINITIONS = (
					"DEBUG=1",
					"$(inherited)",
				);
				GCC_WARN_64_TO_32_BIT_CONVERSION = YES;
				GCC_WARN_ABOUT_RETURN_TYPE = YES_ERROR;
				GCC_WARN_UNDECLARED_SELECTOR = YES;
				GCC_WARN_UNINITIALIZED_AUTOS = YES_AGGRESSIVE;
				GCC_WARN_UNUSED_FUNCTION = YES;
				GCC_WARN_UNUSED_VARIABLE = YES;
				LOCALIZATION_PREFERS_STRING_CATALOGS = YES;
				MACOSX_DEPLOYMENT_TARGET = 14.0;
				MTL_ENABLE_DEBUG_INFO = INCLUDE_SOURCE;
				MTL_FAST_MATH = YES;
				ONLY_ACTIVE_ARCH = YES;
				SDKROOT = macosx;
				SWIFT_ACTIVE_COMPILATION_CONDITIONS = "DEBUG $(inherited)";
				SWIFT_OPTIMIZATION_LEVEL = "-Onone";
			};
			name = Debug;
		};
		D1A1B1A32AB4C598001D1D1D /* Release */ = {
			isa = XCBuildConfiguration;
			buildSettings = {
				ALWAYS_SEARCH_USER_PATHS = NO;
				ASSETCATALOG_COMPILER_GENERATE_SWIFT_ASSET_SYMBOL_EXTENSIONS = YES;
				CLANG_ANALYZER_NONNULL = YES;
				CLANG_ANALYZER_NUMBER_OBJECT_CONVERSION = YES_AGGRESSIVE;
				CLANG_CXX_LANGUAGE_STANDARD = "gnu++20";
				CLANG_ENABLE_MODULES = YES;
				CLANG_ENABLE_OBJC_ARC = YES;
				CLANG_ENABLE_OBJC_WEAK = YES;
				CLANG_WARN_BLOCK_CAPTURE_AUTORELEASING = YES;
				CLANG_WARN_BOOL_CONVERSION = YES;
				CLANG_WARN_COMMA = YES;
				CLANG_WARN_CONSTANT_CONVERSION = YES;
				CLANG_WARN_DEPRECATED_OBJC_IMPLEMENTATIONS = YES;
				CLANG_WARN_DIRECT_OBJC_ISA_USAGE = YES_ERROR;
				CLANG_WARN_DOCUMENTATION_COMMENTS = YES;
				CLANG_WARN_EMPTY_BODY = YES;
				CLANG_WARN_ENUM_CONVERSION = YES;
				CLANG_WARN_INFINITE_RECURSION = YES;
				CLANG_WARN_INT_CONVERSION = YES;
				CLANG_WARN_NON_LITERAL_NULL_CONVERSION = YES;
				CLANG_WARN_OBJC_IMPLICIT_RETAIN_SELF = YES;
				CLANG_WARN_OBJC_LITERAL_CONVERSION = YES;
				CLANG_WARN_OBJC_ROOT_CLASS = YES_ERROR;
				CLANG_WARN_QUOTED_INCLUDE_IN_FRAMEWORK_HEADER = YES;
				CLANG_WARN_RANGE_LOOP_ANALYSIS = YES;
				CLANG_WARN_STRICT_PROTOTYPES = YES;
				CLANG_WARN_SUSPICIOUS_MOVE = YES;
				CLANG_WARN_UNGUARDED_AVAILABILITY = YES_AGGRESSIVE;
				CLANG_

